// !$*UTF8*$!
{
	archiveVersion = 1;
	classes = {
	};
	objectVersion = 46;
	objects = {

/* Begin PBXBuildFile section */
		C6668AA21D1A67BC00CC307E /* AppDelegate.swift in Sources */ = {isa = PBXBuildFile; fileRef = C6668AA11D1A67BC00CC307E /* AppDelegate.swift */; };
		C6668AA41D1A67BC00CC307E /* ViewController.swift in Sources */ = {isa = PBXBuildFile; fileRef = C6668AA31D1A67BC00CC307E /* ViewController.swift */; };
		C6668AA71D1A67BC00CC307E /* Main.storyboard in Resources */ = {isa = PBXBuildFile; fileRef = C6668AA51D1A67BC00CC307E /* Main.storyboard */; };
		C6668AA91D1A67BD00CC307E /* Assets.xcassets in Resources */ = {isa = PBXBuildFile; fileRef = C6668AA81D1A67BD00CC307E /* Assets.xcassets */; };
		C6668AAC1D1A67BD00CC307E /* LaunchScreen.storyboard in Resources */ = {isa = PBXBuildFile; fileRef = C6668AAA1D1A67BD00CC307E /* LaunchScreen.storyboard */; };
		C6668AB71D1A67BD00CC307E /* IshiharaTests.swift in Sources */ = {isa = PBXBuildFile; fileRef = C6668AB61D1A67BD00CC307E /* IshiharaTests.swift */; };
		C6668AC21D1A67BD00CC307E /* IshiharaUITests.swift in Sources */ = {isa = PBXBuildFile; fileRef = C6668AC11D1A67BD00CC307E /* IshiharaUITests.swift */; };
/* End PBXBuildFile section */

/* Begin PBXContainerItemProxy section */
		C6668AB31D1A67BD00CC307E /* PBXContainerItemProxy */ = {
			isa = PBXContainerItemProxy;
			containerPortal = C6668A961D1A67BC00CC307E /* Project object */;
			proxyType = 1;
			remoteGlobalIDString = C6668A9D1D1A67BC00CC307E;
			remoteInfo = Ishihara;
		};
		C6668ABE1D1A67BD00CC307E /* PBXContainerItemProxy */ = {
			isa = PBXContainerItemProxy;
			containerPortal = C6668A961D1A67BC00CC307E /* Project object */;
			proxyType = 1;
			remoteGlobalIDString = C6668A9D1D1A67BC00CC307E;
			remoteInfo = Ishihara;
		};
/* End PBXContainerItemProxy section */

/* Begin PBXFileReference section */
		C6668A9E1D1A67BC00CC307E /* Ishihara.app */ = {isa = PBXFileReference; explicitFileType = wrapper.application; includeInIndex = 0; path = Ishihara.app; sourceTree = BUILT_PRODUCTS_DIR; };
		C6668AA11D1A67BC00CC307E /* AppDelegate.swift */ = {isa = PBXFileReference; lastKnownFileType = sourcecode.swift; path = AppDelegate.swift; sourceTree = "<group>"; };
		C6668AA31D1A67BC00CC307E /* ViewController.swift */ = {isa = PBXFileReference; lastKnownFileType = sourcecode.swift; path = ViewController.swift; sourceTree = "<group>"; };
		C6668AA61D1A67BC00CC307E /* Base */ = {isa = PBXFileReference; lastKnownFileType = file.storyboard; name = Base; path = Base.lproj/Main.storyboard; sourceTree = "<group>"; };
		C6668AA81D1A67BD00CC307E /* Assets.xcassets */ = {isa = PBXFileReference; lastKnownFileType = folder.assetcatalog; path = Assets.xcassets; sourceTree = "<group>"; };
		C6668AAB1D1A67BD00CC307E /* Base */ = {isa = PBXFileReference; lastKnownFileType = file.storyboard; name = Base; path = Base.lproj/LaunchScreen.storyboard; sourceTree = "<group>"; };
		C6668AAD1D1A67BD00CC307E /* Info.plist */ = {isa = PBXFileReference; lastKnownFileType = text.plist.xml; path = Info.plist; sourceTree = "<group>"; };
		C6668AB21D1A67BD00CC307E /* IshiharaTests.xctest */ = {isa = PBXFileReference; explicitFileType = wrapper.cfbundle; includeInIndex = 0; path = IshiharaTests.xctest; sourceTree = BUILT_PRODUCTS_DIR; };
		C6668AB61D1A67BD00CC307E /* IshiharaTests.swift */ = {isa = PBXFileReference; lastKnownFileType = sourcecode.swift; path = IshiharaTests.swift; sourceTree = "<group>"; };
		C6668AB81D1A67BD00CC307E /* Info.plist */ = {isa = PBXFileReference; lastKnownFileType = text.plist.xml; path = Info.plist; sourceTree = "<group>"; };
		C6668ABD1D1A67BD00CC307E /* IshiharaUITests.xctest */ = {isa = PBXFileReference; explicitFileType = wrapper.cfbundle; includeInIndex = 0; path = IshiharaUITests.xctest; sourceTree = BUILT_PRODUCTS_DIR; };
		C6668AC11D1A67BD00CC307E /* IshiharaUITests.swift */ = {isa = PBXFileReference; lastKnownFileType = sourcecode.swift; path = IshiharaUITests.swift; sourceTree = "<group>"; };
		C6668AC31D1A67BD00CC307E /* Info.plist */ = {isa = PBXFileReference; lastKnownFileType = text.plist.xml; path = Info.plist; sourceTree = "<group>"; };
/* End PBXFileReference section */

/* Begin PBXFrameworksBuildPhase section */
		C6668A9B1D1A67BC00CC307E /* Frameworks */ = {
			isa = PBXFrameworksBuildPhase;
			buildActionMask = 2147483647;
			files = (
			);
			runOnlyForDeploymentPostprocessing = 0;
		};
		C6668AAF1D1A67BD00CC307E /* Frameworks */ = {
			isa = PBXFrameworksBuildPhase;
			buildActionMask = 2147483647;
			files = (
			);
			runOnlyForDeploymentPostprocessing = 0;
		};
		C6668ABA1D1A67BD00CC307E /* Frameworks */ = {
			isa = PBXFrameworksBuildPhase;
			buildActionMask = 2147483647;
			files = (
			);
			runOnlyForDeploymentPostprocessing = 0;
		};
/* End PBXFrameworksBuildPhase section */

/* Begin PBXGroup section */
		C6668A951D1A67BC00CC307E = {
			isa = PBXGroup;
			children = (
				C6668AA01D1A67BC00CC307E /* Ishihara */,
				C6668AB51D1A67BD00CC307E /* IshiharaTests */,
				C6668AC01D1A67BD00CC307E /* IshiharaUITests */,
				C6668A9F1D1A67BC00CC307E /* Products */,
			);
			sourceTree = "<group>";
		};
		C6668A9F1D1A67BC00CC307E /* Products */ = {
			isa = PBXGroup;
			children = (
				C6668A9E1D1A67BC00CC307E /* Ishihara.app */,
				C6668AB21D1A67BD00CC307E /* IshiharaTests.xctest */,
				C6668ABD1D1A67BD00CC307E /* IshiharaUITests.xctest */,
			);
			name = Products;
			sourceTree = "<group>";
		};
		C6668AA01D1A67BC00CC307E /* Ishihara */ = {
			isa = PBXGroup;
			children = (
				C6668AA11D1A67BC00CC307E /* AppDelegate.swift */,
				C6668AA31D1A67BC00CC307E /* ViewController.swift */,
				C6668AA51D1A67BC00CC307E /* Main.storyboard */,
				C6668AA81D1A67BD00CC307E /* Assets.xcassets */,
				C6668AAA1D1A67BD00CC307E /* LaunchScreen.storyboard */,
				C6668AAD1D1A67BD00CC307E /* Info.plist */,
			);
			path = Ishihara;
			sourceTree = "<group>";
		};
		C6668AB51D1A67BD00CC307E /* IshiharaTests */ = {
			isa = PBXGroup;
			children = (
				C6668AB61D1A67BD00CC307E /* IshiharaTests.swift */,
				C6668AB81D1A67BD00CC307E /* Info.plist */,
			);
			path = IshiharaTests;
			sourceTree = "<group>";
		};
		C6668AC01D1A67BD00CC307E /* IshiharaUITests */ = {
			isa = PBXGroup;
			children = (
				C6668AC11D1A67BD00CC307E /* IshiharaUITests.swift */,
				C6668AC31D1A67BD00CC307E /* Info.plist */,
			);
			path = IshiharaUITests;
			sourceTree = "<group>";
		};
/* End PBXGroup section */

/* Begin PBXNativeTarget section */
		C6668A9D1D1A67BC00CC307E /* Ishihara */ = {
			isa = PBXNativeTarget;
			buildConfigurationList = C6668AC61D1A67BD00CC307E /* Build configuration list for PBXNativeTarget "Ishihara" */;
			buildPhases = (
				C6668A9A1D1A67BC00CC307E /* Sources */,
				C6668A9B1D1A67BC00CC307E /* Frameworks */,
				C6668A9C1D1A67BC00CC307E /* Resources */,
			);
			buildRules = (
			);
			dependencies = (
			);
			name = Ishihara;
			productName = Ishihara;
			productReference = C6668A9E1D1A67BC00CC307E /* Ishihara.app */;
			productType = "com.apple.product-type.application";
		};
		C6668AB11D1A67BD00CC307E /* IshiharaTests */ = {
			isa = PBXNativeTarget;
			buildConfigurationList = C6668AC91D1A67BD00CC307E /* Build configuration list for PBXNativeTarget "IshiharaTests" */;
			buildPhases = (
				C6668AAE1D1A67BD00CC307E /* Sources */,
				C6668AAF1D1A67BD00CC307E /* Frameworks */,
				C6668AB01D1A67BD00CC307E /* Resources */,
			);
			buildRules = (
			);
			dependencies = (
				C6668AB41D1A67BD00CC307E /* PBXTargetDependency */,
			);
			name = IshiharaTests;
			productName = IshiharaTests;
			productReference = C6668AB21D1A67BD00CC307E /* IshiharaTests.xctest */;
			productType = "com.apple.product-type.bundle.unit-test";
		};
		C6668ABC1D1A67BD00CC307E /* IshiharaUITests */ = {
			isa = PBXNativeTarget;
			buildConfigurationList = C6668ACC1D1A67BD00CC307E /* Build configuration list for PBXNativeTarget "IshiharaUITests" */;
			buildPhases = (
				C6668AB91D1A67BD00CC307E /* Sources */,
				C6668ABA1D1A67BD00CC307E /* Frameworks */,
				C6668ABB1D1A67BD00CC307E /* Resources */,
			);
			buildRules = (
			);
			dependencies = (
				C6668ABF1D1A67BD00CC307E /* PBXTargetDependency */,
			);
			name = IshiharaUITests;
			productName = IshiharaUITests;
			productReference = C6668ABD1D1A67BD00CC307E /* IshiharaUITests.xctest */;
			productType = "com.apple.product-type.bundle.ui-testing";
		};
/* End PBXNativeTarget section */

/* Begin PBXProject section */
		C6668A961D1A67BC00CC307E /* Project object */ = {
			isa = PBXProject;
			attributes = {
				LastSwiftUpdateCheck = 0730;
				LastUpgradeCheck = 0730;
				ORGANIZATIONNAME = kaona;
				TargetAttributes = {
					C6668A9D1D1A67BC00CC307E = {
						CreatedOnToolsVersion = 7.3.1;
					};
					C6668AB11D1A67BD00CC307E = {
						CreatedOnToolsVersion = 7.3.1;
						TestTargetID = C6668A9D1D1A67BC00CC307E;
					};
					C6668ABC1D1A67BD00CC307E = {
						CreatedOnToolsVersion = 7.3.1;
						TestTargetID = C6668A9D1D1A67BC00CC307E;
					};
				};
			};
			buildConfigurationList = C6668A991D1A67BC00CC307E /* Build configuration list for PBXProject "Ishihara" */;
			compatibilityVersion = "Xcode 3.2";
			developmentRegion = English;
			hasScannedForEncodings = 0;
			knownRegions = (
				en,
				Base,
			);
			mainGroup = C6668A951D1A67BC00CC307E;
			productRefGroup = C6668A9F1D1A67BC00CC307E /* Products */;
			projectDirPath = "";
			projectRoot = "";
			targets = (
				C6668A9D1D1A67BC00CC307E /* Ishihara */,
				C6668AB11D1A67BD00CC307E /* IshiharaTests */,
				C6668ABC1D1A67BD00CC307E /* IshiharaUITests */,
			);
		};
/* End PBXProject section */

/* Begin PBXResourcesBuildPhase section */
		C6668A9C1D1A67BC00CC307E /* Resources */ = {
			isa = PBXResourcesBuildPhase;
			buildActionMask = 2147483647;
			files = (
				C6668AAC1D1A67BD00CC307E /* LaunchScreen.storyboard in Resources */,
				C6668AA91D1A67BD00CC307E /* Assets.xcassets in Resources */,
				C6668AA71D1A67BC00CC307E /* Main.storyboard in Resources */,
			);
			runOnlyForDeploymentPostprocessing = 0;
		};
		C6668AB01D1A67BD00CC307E /* Resources */ = {
			isa = PBXResourcesBuildPhase;
			buildActionMask = 2147483647;
			files = (
			);
			runOnlyForDeploymentPostprocessing = 0;
		};
		C6668ABB1D1A67BD00CC307E /* Resources */ = {
			isa = PBXResourcesBuildPhase;
			buildActionMask = 2147483647;
			files = (
			);
			runOnlyForDeploymentPostprocessing = 0;
		};
/* End PBXResourcesBuildPhase section */

/* Begin PBXSourcesBuildPhase section */
		C6668A9A1D1A67BC00CC307E /* Sources */ = {
			isa = PBXSourcesBuildPhase;
			buildActionMask = 2147483647;
			files = (
				C6668AA41D1A67BC00CC307E /* ViewController.swift in Sources */,
				C6668AA21D1A67BC00CC307E /* AppDelegate.swift in Sources */,
			);
			runOnlyForDeploymentPostprocessing = 0;
		};
		C6668AAE1D1A67BD00CC307E /* Sources */ = {
			isa = PBXSourcesBuildPhase;
			buildActionMask = 2147483647;
			files = (
				C6668AB71D1A67BD00CC307E /* IshiharaTests.swift in Sources */,
			);
			runOnlyForDeploymentPostprocessing = 0;
		};
		C6668AB91D1A67BD00CC307E /* Sources */ = {
			isa = PBXSourcesBuildPhase;
			buildActionMask = 2147483647;
			files = (
				C6668AC21D1A67BD00CC307E /* IshiharaUITests.swift in Sources */,
			);
			runOnlyForDeploymentPostprocessing = 0;
		};
/* End PBXSourcesBuildPhase section */

/* Begin PBXTargetDependency section */
		C6668AB41D1A67BD00CC307E /* PBXTargetDependency */ = {
			isa = PBXTargetDependency;
			target = C6668A9D1D1A67BC00CC307E /* Ishihara */;
			targetProxy = C6668AB31D1A67BD00CC307E /* PBXContainerItemProxy */;
		};
		C6668ABF1D1A67BD00CC307E /* PBXTargetDependency */ = {
			isa = PBXTargetDependency;
			target = C6668A9D1D1A67BC00CC307E /* Ishihara */;
			targetProxy = C6668ABE1D1A67BD00CC307E /* PBXContainerItemProxy */;
		};
/* End PBXTargetDependency section */

/* Begin PBXVariantGroup section */
		C6668AA51D1A67BC00CC307E /* Main.storyboard */ = {
			isa = PBXVariantGroup;
			children = (
				C6668AA61D1A67BC00CC307E /* Base */,
			);
			name = Main.storyboard;
			sourceTree = "<group>";
		};
		C6668AAA1D1A67BD00CC307E /* LaunchScreen.storyboard */ = {
			isa = PBXVariantGroup;
			children = (
				C6668AAB1D1A67BD00CC307E /* Base */,
			);
			name = LaunchScreen.storyboard;
			sourceTree = "<group>";
		};
/* End PBXVariantGroup section */

/* Begin XCBuildConfiguration section */
		C6668AC41D1A67BD00CC307E /* Debug */ = {
			isa = XCBuildConfiguration;
			buildSettings = {
				ALWAYS_SEARCH_USER_PATHS = NO;
				CLANG_ANALYZER_NONNULL = YES;
				CLANG_CXX_LANGUAGE_STANDARD = "gnu++0x";
				CLANG_CXX_LIBRARY = "libc++";
				CLANG_ENABLE_MODULES = YES;
				CLANG_ENABLE_OBJC_ARC = YES;
				CLANG_WARN_BOOL_CONVERSION = YES;
				CLANG_WARN_CONSTANT_CONVERSION = YES;
				CLANG_WARN_DIRECT_OBJC_ISA_USAGE = YES_ERROR;
				CLANG_WARN_EMPTY_BODY = YES;
				CLANG_WARN_ENUM_CONVERSION = YES;
				CLANG_WARN_INT_CONVERSION = YES;
				CLANG_WARN_OBJC_ROOT_CLASS = YES_ERROR;
				CLANG_WARN_UNREACHABLE_CODE = YES;
				CLANG_WARN__DUPLICATE_METHOD_MATCH = YES;
				"CODE_SIGN_IDENTITY[sdk=iphoneos*]" = "iPhone Developer";
				COPY_PHASE_STRIP = NO;
				DEBUG_INFORMATION_FORMAT = dwarf;
				ENABLE_STRICT_OBJC_MSGSEND = YES;
				ENABLE_TESTABILITY = YES;
				GCC_C_LANGUAGE_STANDARD = gnu99;
				GCC_DYNAMIC_NO_PIC = NO;
				GCC_NO_COMMON_BLOCKS = YES;
				GCC_OPTIMIZATION_LEVEL = 0;
				GCC_PREPROCESSOR_DEFINITIONS = (
					"DEBUG=1",
					"$(inherited)",
				);
				GCC_WARN_64_TO_32_BIT_CONVERSION = YES;
				GCC_WARN_ABOUT_RETURN_TYPE = YES_ERROR;
				GCC_WARN_UNDECLARED_SELECTOR = YES;
				GCC_WARN_UNINITIALIZED_AUTOS = YES_AGGRESSIVE;
				GCC_WARN_UNUSED_FUNCTION = YES;
				GCC_WARN_UNUSED_VARIABLE = YES;
				IPHONEOS_DEPLOYMENT_TARGET = 9.3;
				MTL_ENABLE_DEBUG_INFO = YES;
				ONLY_ACTIVE_ARCH = YES;
				SDKROOT = iphoneos;
				SWIFT_OPTIMIZATION_LEVEL = "-Onone";
			};
			name = Debug;
		};
		C6668AC51D1A67BD00CC307E /* Release */ = {
			isa = XCBuildConfiguration;
			buildSettings = {
				ALWAYS_SEARCH_USER_PATHS = NO;
				CLANG_ANALYZER_NONNULL = YES;
				CLANG_CXX_LANGUAGE_STANDARD = "gnu++0x";
				CLANG_CXX_LIBRARY = "libc++";
				CLANG_ENABLE_MODULES = YES;
				CLANG_ENABLE_OBJC_ARC = YES;
				CLANG_WARN_BOOL_CONVERSION = YES;
				CLANG_WARN_CONSTANT_CONVERSION = YES;
				CLANG_WARN_DIRECT_OBJC_ISA_USAGE = YES_ERROR;
				CLANG_WARN_EMPTY_BODY = YES;
				CLANG_WARN_ENUM_CONVERSION = YES;
				CLANG_WARN_INT_CONVERSION = YES;
				CLANG_WARN_OBJC_ROOT_CLASS = YES_ERROR;
				CLANG_WARN_UNREACHABLE_CODE = YES;
				CLANG_WARN__DUPLICATE_METHOD_MATCH = YES;
				"CODE_SIGN_IDENTITY[sdk=iphoneos*]" = "iPhone Developer";
				COPY_PHASE_STRIP = NO;
				DEBUG_INFORMATION_FORMAT = "dwarf-with-dsym";
				ENABLE_NS_ASSERTIONS = NO;
				ENABLE_STRICT_OBJC_MSGSEND = YES;
				GCC_C_LANGUAGE_STANDARD = gnu99;
				GCC_NO_COMMON_BLOCKS = YES;
				GCC_WARN_64_TO_32_BIT_CONVERSION = YES;
				GCC_WARN_ABOUT_RETURN_TYPE = YES_ERROR;
				GCC_WARN_UNDECLARED_SELECTOR = YES;
				GCC_WARN_UNINITIALIZED_AUTOS = YES_AGGRESSIVE;
				GCC_WARN_UNUSED_FUNCTION = YES;
				GCC_WARN_UNUSED_VARIABLE = YES;
				IPHONEOS_DEPLOYMENT_TARGET = 9.3;
				MTL_ENABLE_DEBUG_INFO = NO;
				SDKROOT = iphoneos;
				VALIDATE_PRODUCT = YES;
			};
			name = Release;
		};
		C6668AC71D1A67BD00CC307E /* Debug */ = {
			isa = XCBuildConfiguration;
			buildSettings = {
				ASSETCATALOG_COMPILER_APPICON_NAME = AppIcon;
				INFOPLIST_FILE = Ishihara/Info.plist;
				LD_RUNPATH_SEARCH_PATHS = "$(inherited) @executable_path/Frameworks";
				PRODUCT_BUNDLE_IDENTIFIER = app.kaona.neu.Ishihara;
				PRODUCT_NAME = "$(TARGET_NAME)";
			};
			name = Debug;
		};
		C6668AC81D1A67BD00CC307E /* Release */ = {
			isa = XCBuildConfiguration;
			buildSettings = {
				ASSETCATALOG_COMPILER_APPICON_NAME = AppIcon;
				INFOPLIST_FILE = Ishihara/Info.plist;
				LD_RUNPATH_SEARCH_PATHS = "$(inherited) @executable_path/Frameworks";
				PRODUCT_BUNDLE_IDENTIFIER = app.kaona.neu.Ishihara;
				PRODUCT_NAME = "$(TARGET_NAME)";
			};
			name = Release;
		};
		C6668ACA1D1A67BD00CC307E /* Debug */ = {
			isa = XCBuildConfiguration;
			buildSettings = {
				BUNDLE_LOADER = "$(TEST_HOST)";
				INFOPLIST_FILE = IshiharaTests/Info.plist;
				LD_RUNPATH_SEARCH_PATHS = "$(inherited) @executable_path/Frameworks @loader_path/Frameworks";
				PRODUCT_BUNDLE_IDENTIFIER = app.kaona.neu.IshiharaTests;
				PRODUCT_NAME = "$(TARGET_NAME)";
				TEST_HOST = "$(BUILT_PRODUCTS_DIR)/Ishihara.app/Ishihara";
			};
			name = Debug;
		};
		C6668ACB1D1A67BD00CC307E /* Release */ = {
			isa = XCBuildConfiguration;
			buildSettings = {
				BUNDLE_LOADER = "$(TEST_HOST)";
				INFOPLIST_FILE = IshiharaTests/Info.plist;
				LD_RUNPATH_SEARCH_PATHS = "$(inherited) @executable_path/Frameworks @loader_path/Frameworks";
				PRODUCT_BUNDLE_IDENTIFIER = app.kaona.neu.IshiharaTests;
				PRODUCT_NAME = "$(TARGET_NAME)";
				TEST_HOST = "$(BUILT_PRODUCTS_DIR)/Ishihara.app/Ishihara";
			};
			name = Release;
		};
		C6668ACD1D1A67BD00CC307E /* Debug */ = {
			isa = XCBuildConfiguration;
			buildSettings = {
				INFOPLIST_FILE = IshiharaUITests/Info.plist;
				LD_RUNPATH_SEARCH_PATHS = "$(inherited) @executable_path/Frameworks @loader_path/Frameworks";
				PRODUCT_BUNDLE_IDENTIFIER = app.kaona.neu.IshiharaUITests;
				PRODUCT_NAME = "$(TARGET_NAME)";
				TEST_TARGET_NAME = Ishihara;
			};
			name = Debug;
		};
		C6668ACE1D1A67BD00CC307E /* Release */ = {
			isa = XCBuildConfiguration;
			buildSettings = {
				INFOPLIST_FILE = IshiharaUITests/Info.plist;
				LD_RUNPATH_SEARCH_PATHS = "$(inherited) @executable_path/Frameworks @loader_path/Frameworks";
				PRODUCT_BUNDLE_IDENTIFIER = app.kaona.neu.IshiharaUITests;
				PRODUCT_NAME = "$(TARGET_NAME)";
				TEST_TARGET_NAME = Ishihara;
			};
			name = Release;
		};
/* End XCBuildConfiguration section */

/* Begin XCConfigurationList section */
		C6668A991D1A67BC00CC307E /* Build configuration list for PBXProject "Ishihara" */ = {
			isa = XCConfigurationList;
			buildConfigurations = (
				C6668AC41D1A67BD00CC307E /* Debug */,
				C6668AC51D1A67BD00CC307E /* Release */,
			);
			defaultConfigurationIsVisible = 0;
			defaultConfigurationName = Release;
		};
		C6668AC61D1A67BD00CC307E /* Build configuration list for PBXNativeTarget "Ishihara" */ = {
			isa = XCConfigurationList;
			buildConfigurations = (
				C6668AC71D1A67BD00CC307E /* Debug */,
				C6668AC81D1A67BD00CC307E /* Release */,
			);
			defaultConfigurationIsVisible = 0;
		};
		C6668AC91D1A67BD00CC307E /* Build configuration list for PBXNativeTarget "IshiharaTests" */ = {
			isa = XCConfigurationList;
			buildConfigurations = (
				C6668ACA1D1A67BD00CC307E /* Debug */,
				C6668ACB1D1A67BD00CC307E /* Release */,
			);
			defaultConfigurationIsVisible = 0;
		};
		C6668ACC1D1A67BD00CC307E /* Build configuration list for PBXNativeTarget "IshiharaUITests" */ = {
			isa = XCConfigurationList;
			buildConfigurations = (
				C6668ACD1D1A67BD00CC307E /* Debug */,
				C6668ACE1D1A67BD00CC307E /* Release */,
			);
			defaultConfigurationIsVisible = 0;
		};
/* End XCConfigurationList section */
	};
	rootObject = C6668A961D1A67BC00CC307E /* Project object */;
}
